// !$*UTF8*$!
{
	archiveVersion = 1;
	classes = {
	};
	objectVersion = 46;
	objects = {

/* Begin PBXBuildFile section */
		8550D5E922E9212CC48C917D /* Pods.framework in Frameworks */ = {isa = PBXBuildFile; fileRef = B50128768105B3317C791BD9 /* Pods.framework */; };
		EC4BCBFE1CBB662B0045449B /* FilmTitleView.swift in Sources */ = {isa = PBXBuildFile; fileRef = EC4BCBFD1CBB662B0045449B /* FilmTitleView.swift */; };
		EC57BE5E1CBBA1C8002B42A3 /* DescriptionCell.swift in Sources */ = {isa = PBXBuildFile; fileRef = EC57BE5D1CBBA1C8002B42A3 /* DescriptionCell.swift */; };
		EC57BE601CBCA38E002B42A3 /* tableviewHeader.xib in Resources */ = {isa = PBXBuildFile; fileRef = EC57BE5F1CBCA38E002B42A3 /* tableviewHeader.xib */; };
		EC57BE621CBCB1FA002B42A3 /* PlaceholderTextView.swift in Sources */ = {isa = PBXBuildFile; fileRef = EC57BE611CBCB1FA002B42A3 /* PlaceholderTextView.swift */; };
		EC57BE641CBCB2BE002B42A3 /* NewCommentViewController.swift in Sources */ = {isa = PBXBuildFile; fileRef = EC57BE631CBCB2BE002B42A3 /* NewCommentViewController.swift */; };
		EC57BE661CBCB3FB002B42A3 /* UILabel+Extension.swift in Sources */ = {isa = PBXBuildFile; fileRef = EC57BE651CBCB3FB002B42A3 /* UILabel+Extension.swift */; };
		EC57BE681CBCB78F002B42A3 /* UIBarButtonItem+Extension.swift in Sources */ = {isa = PBXBuildFile; fileRef = EC57BE671CBCB78F002B42A3 /* UIBarButtonItem+Extension.swift */; };
		EC57BE6A1CBCBF47002B42A3 /* String+Extension.swift in Sources */ = {isa = PBXBuildFile; fileRef = EC57BE691CBCBF47002B42A3 /* String+Extension.swift */; };
		ECBE451C1CB76EB100673FBD /* WelcomeViewController.swift in Sources */ = {isa = PBXBuildFile; fileRef = ECBE451B1CB76EB100673FBD /* WelcomeViewController.swift */; };
		ECBE45241CB7748000673FBD /* UIImage+Extension.swift in Sources */ = {isa = PBXBuildFile; fileRef = ECBE45231CB7748000673FBD /* UIImage+Extension.swift */; };
		ECBE45271CB775CF00673FBD /* Common.swift in Sources */ = {isa = PBXBuildFile; fileRef = ECBE45261CB775CF00673FBD /* Common.swift */; };
		ECBE452B1CB780AF00673FBD /* NSObject+String.swift in Sources */ = {isa = PBXBuildFile; fileRef = ECBE452A1CB780AF00673FBD /* NSObject+String.swift */; };
		ECBE452E1CB78E2B00673FBD /* SearchResultCell.swift in Sources */ = {isa = PBXBuildFile; fileRef = ECBE452D1CB78E2B00673FBD /* SearchResultCell.swift */; };
		ECBE45301CB78E7800673FBD /* SearchResultCell.xib in Resources */ = {isa = PBXBuildFile; fileRef = ECBE452F1CB78E7800673FBD /* SearchResultCell.xib */; };
		ECBE45321CB78EA500673FBD /* FloatRatingView.swift in Sources */ = {isa = PBXBuildFile; fileRef = ECBE45311CB78EA500673FBD /* FloatRatingView.swift */; };
		ECBE45351CB78F8500673FBD /* Film.swift in Sources */ = {isa = PBXBuildFile; fileRef = ECBE45341CB78F8500673FBD /* Film.swift */; };
		ECBE45371CB7918600673FBD /* UIImageView+downloadimage.swift in Sources */ = {isa = PBXBuildFile; fileRef = ECBE45361CB7918600673FBD /* UIImageView+downloadimage.swift */; };
		ECBE45391CB79AAA00673FBD /* KidsTabBarController.swift in Sources */ = {isa = PBXBuildFile; fileRef = ECBE45381CB79AAA00673FBD /* KidsTabBarController.swift */; };
		ECBE453B1CB79C1900673FBD /* MovieViewController.swift in Sources */ = {isa = PBXBuildFile; fileRef = ECBE453A1CB79C1900673FBD /* MovieViewController.swift */; };
		ECBE453D1CB79C6D00673FBD /* TipLabel.swift in Sources */ = {isa = PBXBuildFile; fileRef = ECBE453C1CB79C6D00673FBD /* TipLabel.swift */; };
		ECBE453F1CB79D1D00673FBD /* UIView+Extension.swift in Sources */ = {isa = PBXBuildFile; fileRef = ECBE453E1CB79D1D00673FBD /* UIView+Extension.swift */; };
		ECBE45431CB79FE500673FBD /* Constants.swift in Sources */ = {isa = PBXBuildFile; fileRef = ECBE45421CB79FE500673FBD /* Constants.swift */; };
		ECBE45471CBB3DBA00673FBD /* DetailFilmViewController.swift in Sources */ = {isa = PBXBuildFile; fileRef = ECBE45461CBB3DBA00673FBD /* DetailFilmViewController.swift */; };
		ECBE45491CBB3E7600673FBD /* CommentModel.swift in Sources */ = {isa = PBXBuildFile; fileRef = ECBE45481CBB3E7600673FBD /* CommentModel.swift */; };
		ECBE454D1CBB54CC00673FBD /* OpenedCommentsCell.swift in Sources */ = {isa = PBXBuildFile; fileRef = ECBE454C1CBB54CC00673FBD /* OpenedCommentsCell.swift */; };
		ECD188891CB76BE500ED3413 /* AppDelegate.swift in Sources */ = {isa = PBXBuildFile; fileRef = ECD188881CB76BE500ED3413 /* AppDelegate.swift */; };
		ECD1888E1CB76BE500ED3413 /* Main.storyboard in Resources */ = {isa = PBXBuildFile; fileRef = ECD1888C1CB76BE500ED3413 /* Main.storyboard */; };
		ECD188911CB76BE500ED3413 /* kidsmoview.xcdatamodeld in Sources */ = {isa = PBXBuildFile; fileRef = ECD1888F1CB76BE500ED3413 /* kidsmoview.xcdatamodeld */; };
		ECD188931CB76BE500ED3413 /* Assets.xcassets in Resources */ = {isa = PBXBuildFile; fileRef = ECD188921CB76BE500ED3413 /* Assets.xcassets */; };
		ECD188961CB76BE500ED3413 /* LaunchScreen.storyboard in Resources */ = {isa = PBXBuildFile; fileRef = ECD188941CB76BE500ED3413 /* LaunchScreen.storyboard */; };
		ECD188A11CB76BE600ED3413 /* kidsmoviewTests.swift in Sources */ = {isa = PBXBuildFile; fileRef = ECD188A01CB76BE600ED3413 /* kidsmoviewTests.swift */; };
		ECD188AC1CB76BE600ED3413 /* kidsmoviewUITests.swift in Sources */ = {isa = PBXBuildFile; fileRef = ECD188AB1CB76BE600ED3413 /* kidsmoviewUITests.swift */; };
/* End PBXBuildFile section */

/* Begin PBXContainerItemProxy section */
		ECD1889D1CB76BE600ED3413 /* PBXContainerItemProxy */ = {
			isa = PBXContainerItemProxy;
			containerPortal = ECD1887D1CB76BE500ED3413 /* Project object */;
			proxyType = 1;
			remoteGlobalIDString = ECD188841CB76BE500ED3413;
			remoteInfo = kidsmoview;
		};
		ECD188A81CB76BE600ED3413 /* PBXContainerItemProxy */ = {
			isa = PBXContainerItemProxy;
			containerPortal = ECD1887D1CB76BE500ED3413 /* Project object */;
			proxyType = 1;
			remoteGlobalIDString = ECD188841CB76BE500ED3413;
			remoteInfo = kidsmoview;
		};
/* End PBXContainerItemProxy section */

/* Begin PBXFileReference section */
		311E241508D86A51CCF23879 /* Pods.release.xcconfig */ = {isa = PBXFileReference; includeInIndex = 1; lastKnownFileType = text.xcconfig; name = Pods.release.xcconfig; path = "Pods/Target Support Files/Pods/Pods.release.xcconfig"; sourceTree = "<group>"; };
		B50128768105B3317C791BD9 /* Pods.framework */ = {isa = PBXFileReference; explicitFileType = wrapper.framework; includeInIndex = 0; path = Pods.framework; sourceTree = BUILT_PRODUCTS_DIR; };
		CB172514BA6D1CAA35FA75D3 /* Pods.debug.xcconfig */ = {isa = PBXFileReference; includeInIndex = 1; lastKnownFileType = text.xcconfig; name = Pods.debug.xcconfig; path = "Pods/Target Support Files/Pods/Pods.debug.xcconfig"; sourceTree = "<group>"; };
		EC4BCBFD1CBB662B0045449B /* FilmTitleView.swift */ = {isa = PBXFileReference; fileEncoding = 4; lastKnownFileType = sourcecode.swift; path = FilmTitleView.swift; sourceTree = "<group>"; };
		EC57BE5D1CBBA1C8002B42A3 /* DescriptionCell.swift */ = {isa = PBXFileReference; fileEncoding = 4; lastKnownFileType = sourcecode.swift; path = DescriptionCell.swift; sourceTree = "<group>"; };
		EC57BE5F1CBCA38E002B42A3 /* tableviewHeader.xib */ = {isa = PBXFileReference; fileEncoding = 4; lastKnownFileType = file.xib; path = tableviewHeader.xib; sourceTree = "<group>"; };
		EC57BE611CBCB1FA002B42A3 /* PlaceholderTextView.swift */ = {isa = PBXFileReference; fileEncoding = 4; lastKnownFileType = sourcecode.swift; path = PlaceholderTextView.swift; sourceTree = "<group>"; };
		EC57BE631CBCB2BE002B42A3 /* NewCommentViewController.swift */ = {isa = PBXFileReference; fileEncoding = 4; lastKnownFileType = sourcecode.swift; path = NewCommentViewController.swift; sourceTree = "<group>"; };
		EC57BE651CBCB3FB002B42A3 /* UILabel+Extension.swift */ = {isa = PBXFileReference; fileEncoding = 4; lastKnownFileType = sourcecode.swift; path = "UILabel+Extension.swift"; sourceTree = "<group>"; };
		EC57BE671CBCB78F002B42A3 /* UIBarButtonItem+Extension.swift */ = {isa = PBXFileReference; fileEncoding = 4; lastKnownFileType = sourcecode.swift; path = "UIBarButtonItem+Extension.swift"; sourceTree = "<group>"; };
		EC57BE691CBCBF47002B42A3 /* String+Extension.swift */ = {isa = PBXFileReference; fileEncoding = 4; lastKnownFileType = sourcecode.swift; path = "String+Extension.swift"; sourceTree = "<group>"; };
		ECBE451B1CB76EB100673FBD /* WelcomeViewController.swift */ = {isa = PBXFileReference; fileEncoding = 4; lastKnownFileType = sourcecode.swift; path = WelcomeViewController.swift; sourceTree = "<group>"; };
		ECBE451F1CB7746000673FBD /* kidsmoview-Bridging-Header.h */ = {isa = PBXFileReference; lastKnownFileType = sourcecode.c.h; path = "kidsmoview-Bridging-Header.h"; sourceTree = "<group>"; };
		ECBE45231CB7748000673FBD /* UIImage+Extension.swift */ = {isa = PBXFileReference; fileEncoding = 4; lastKnownFileType = sourcecode.swift; path = "UIImage+Extension.swift"; sourceTree = "<group>"; };
		ECBE45261CB775CF00673FBD /* Common.swift */ = {isa = PBXFileReference; fileEncoding = 4; lastKnownFileType = sourcecode.swift; path = Common.swift; sourceTree = "<group>"; };
		ECBE452A1CB780AF00673FBD /* NSObject+String.swift */ = {isa = PBXFileReference; fileEncoding = 4; lastKnownFileType = sourcecode.swift; path = "NSObject+String.swift"; sourceTree = "<group>"; };
		ECBE452D1CB78E2B00673FBD /* SearchResultCell.swift */ = {isa = PBXFileReference; fileEncoding = 4; lastKnownFileType = sourcecode.swift; path = SearchResultCell.swift; sourceTree = "<group>"; };
		ECBE452F1CB78E7800673FBD /* SearchResultCell.xib */ = {isa = PBXFileReference; fileEncoding = 4; lastKnownFileType = file.xib; path = SearchResultCell.xib; sourceTree = "<group>"; };
		ECBE45311CB78EA500673FBD /* FloatRatingView.swift */ = {isa = PBXFileReference; fileEncoding = 4; lastKnownFileType = sourcecode.swift; path = FloatRatingView.swift; sourceTree = "<group>"; };
		ECBE45341CB78F8500673FBD /* Film.swift */ = {isa = PBXFileReference; fileEncoding = 4; lastKnownFileType = sourcecode.swift; path = Film.swift; sourceTree = "<group>"; };
		ECBE45361CB7918600673FBD /* UIImageView+downloadimage.swift */ = {isa = PBXFileReference; fileEncoding = 4; lastKnownFileType = sourcecode.swift; path = "UIImageView+downloadimage.swift"; sourceTree = "<group>"; };
		ECBE45381CB79AAA00673FBD /* KidsTabBarController.swift */ = {isa = PBXFileReference; fileEncoding = 4; lastKnownFileType = sourcecode.swift; path = KidsTabBarController.swift; sourceTree = "<group>"; };
		ECBE453A1CB79C1900673FBD /* MovieViewController.swift */ = {isa = PBXFileReference; fileEncoding = 4; lastKnownFileType = sourcecode.swift; path = MovieViewController.swift; sourceTree = "<group>"; };
		ECBE453C1CB79C6D00673FBD /* TipLabel.swift */ = {isa = PBXFileReference; fileEncoding = 4; lastKnownFileType = sourcecode.swift; path = TipLabel.swift; sourceTree = "<group>"; };
		ECBE453E1CB79D1D00673FBD /* UIView+Extension.swift */ = {isa = PBXFileReference; fileEncoding = 4; lastKnownFileType = sourcecode.swift; path = "UIView+Extension.swift"; sourceTree = "<group>"; };
		ECBE45421CB79FE500673FBD /* Constants.swift */ = {isa = PBXFileReference; fileEncoding = 4; lastKnownFileType = sourcecode.swift; path = Constants.swift; sourceTree = "<group>"; };
		ECBE45461CBB3DBA00673FBD /* DetailFilmViewController.swift */ = {isa = PBXFileReference; fileEncoding = 4; lastKnownFileType = sourcecode.swift; path = DetailFilmViewController.swift; sourceTree = "<group>"; };
		ECBE45481CBB3E7600673FBD /* CommentModel.swift */ = {isa = PBXFileReference; fileEncoding = 4; lastKnownFileType = sourcecode.swift; path = CommentModel.swift; sourceTree = "<group>"; };
		ECBE454C1CBB54CC00673FBD /* OpenedCommentsCell.swift */ = {isa = PBXFileReference; fileEncoding = 4; lastKnownFileType = sourcecode.swift; path = OpenedCommentsCell.swift; sourceTree = "<group>"; };
		ECD188851CB76BE500ED3413 /* kidsmoview.app */ = {isa = PBXFileReference; explicitFileType = wrapper.application; includeInIndex = 0; path = kidsmoview.app; sourceTree = BUILT_PRODUCTS_DIR; };
		ECD188881CB76BE500ED3413 /* AppDelegate.swift */ = {isa = PBXFileReference; lastKnownFileType = sourcecode.swift; path = AppDelegate.swift; sourceTree = "<group>"; };
		ECD1888D1CB76BE500ED3413 /* Base */ = {isa = PBXFileReference; lastKnownFileType = file.storyboard; name = Base; path = Base.lproj/Main.storyboard; sourceTree = "<group>"; };
		ECD188901CB76BE500ED3413 /* kidsmoview.xcdatamodel */ = {isa = PBXFileReference; lastKnownFileType = wrapper.xcdatamodel; path = kidsmoview.xcdatamodel; sourceTree = "<group>"; };
		ECD188921CB76BE500ED3413 /* Assets.xcassets */ = {isa = PBXFileReference; lastKnownFileType = folder.assetcatalog; path = Assets.xcassets; sourceTree = "<group>"; };
		ECD188951CB76BE500ED3413 /* Base */ = {isa = PBXFileReference; lastKnownFileType = file.storyboard; name = Base; path = Base.lproj/LaunchScreen.storyboard; sourceTree = "<group>"; };
		ECD188971CB76BE600ED3413 /* Info.plist */ = {isa = PBXFileReference; lastKnownFileType = text.plist.xml; path = Info.plist; sourceTree = "<group>"; };
		ECD1889C1CB76BE600ED3413 /* kidsmoviewTests.xctest */ = {isa = PBXFileReference; explicitFileType = wrapper.cfbundle; includeInIndex = 0; path = kidsmoviewTests.xctest; sourceTree = BUILT_PRODUCTS_DIR; };
		ECD188A01CB76BE600ED3413 /* kidsmoviewTests.swift */ = {isa = PBXFileReference; lastKnownFileType = sourcecode.swift; path = kidsmoviewTests.swift; sourceTree = "<group>"; };
		ECD188A21CB76BE600ED3413 /* Info.plist */ = {isa = PBXFileReference; lastKnownFileType = text.plist.xml; path = Info.plist; sourceTree = "<group>"; };
		ECD188A71CB76BE600ED3413 /* kidsmoviewUITests.xctest */ = {isa = PBXFileReference; explicitFileType = wrapper.cfbundle; includeInIndex = 0; path = kidsmoviewUITests.xctest; sourceTree = BUILT_PRODUCTS_DIR; };
		ECD188AB1CB76BE600ED3413 /* kidsmoviewUITests.swift */ = {isa = PBXFileReference; lastKnownFileType = sourcecode.swift; path = kidsmoviewUITests.swift; sourceTree = "<group>"; };
		ECD188AD1CB76BE600ED3413 /* Info.plist */ = {isa = PBXFileReference; lastKnownFileType = text.plist.xml; path = Info.plist; sourceTree = "<group>"; };
/* End PBXFileReference section */

/* Begin PBXFrameworksBuildPhase section */
		ECD188821CB76BE500ED3413 /* Frameworks */ = {
			isa = PBXFrameworksBuildPhase;
			buildActionMask = 2147483647;
			files = (
				8550D5E922E9212CC48C917D /* Pods.framework in Frameworks */,
			);
			runOnlyForDeploymentPostprocessing = 0;
		};
		ECD188991CB76BE600ED3413 /* Frameworks */ = {
			isa = PBXFrameworksBuildPhase;
			buildActionMask = 2147483647;
			files = (
			);
			runOnlyForDeploymentPostprocessing = 0;
		};
		ECD188A41CB76BE600ED3413 /* Frameworks */ = {
			isa = PBXFrameworksBuildPhase;
			buildActionMask = 2147483647;
			files = (
			);
			runOnlyForDeploymentPostprocessing = 0;
		};
/* End PBXFrameworksBuildPhase section */

/* Begin PBXGroup section */
		1F759D6534226FC5641F268E /* Frameworks */ = {
			isa = PBXGroup;
			children = (
				B50128768105B3317C791BD9 /* Pods.framework */,
			);
			name = Frameworks;
			sourceTree = "<group>";
		};
		839DE32716BC31F282CE86F4 /* Pods */ = {
			isa = PBXGroup;
			children = (
				CB172514BA6D1CAA35FA75D3 /* Pods.debug.xcconfig */,
				311E241508D86A51CCF23879 /* Pods.release.xcconfig */,
			);
			name = Pods;
			sourceTree = "<group>";
		};
		ECBE451A1CB76EA100673FBD /* Controller */ = {
			isa = PBXGroup;
			children = (
				ECBE451B1CB76EB100673FBD /* WelcomeViewController.swift */,
				ECBE45381CB79AAA00673FBD /* KidsTabBarController.swift */,
				ECBE453A1CB79C1900673FBD /* MovieViewController.swift */,
				ECBE45461CBB3DBA00673FBD /* DetailFilmViewController.swift */,
				EC57BE631CBCB2BE002B42A3 /* NewCommentViewController.swift */,
			);
			name = Controller;
			sourceTree = "<group>";
		};
		ECBE45221CB7747000673FBD /* Extension */ = {
			isa = PBXGroup;
			children = (
				ECBE452A1CB780AF00673FBD /* NSObject+String.swift */,
				ECBE45231CB7748000673FBD /* UIImage+Extension.swift */,
				ECBE45361CB7918600673FBD /* UIImageView+downloadimage.swift */,
				ECBE453E1CB79D1D00673FBD /* UIView+Extension.swift */,
				EC57BE651CBCB3FB002B42A3 /* UILabel+Extension.swift */,
				EC57BE671CBCB78F002B42A3 /* UIBarButtonItem+Extension.swift */,
				EC57BE691CBCBF47002B42A3 /* String+Extension.swift */,
			);
			name = Extension;
			sourceTree = "<group>";
		};
		ECBE45251CB775C200673FBD /* Helper */ = {
			isa = PBXGroup;
			children = (
				ECBE45261CB775CF00673FBD /* Common.swift */,
				ECBE45421CB79FE500673FBD /* Constants.swift */,
			);
			name = Helper;
			sourceTree = "<group>";
		};
		ECBE452C1CB78E1700673FBD /* View */ = {
			isa = PBXGroup;
			children = (
				ECBE452D1CB78E2B00673FBD /* SearchResultCell.swift */,
				ECBE452F1CB78E7800673FBD /* SearchResultCell.xib */,
				ECBE45311CB78EA500673FBD /* FloatRatingView.swift */,
				ECBE453C1CB79C6D00673FBD /* TipLabel.swift */,
				ECBE454C1CBB54CC00673FBD /* OpenedCommentsCell.swift */,
				EC4BCBFD1CBB662B0045449B /* FilmTitleView.swift */,
				EC57BE5D1CBBA1C8002B42A3 /* DescriptionCell.swift */,
				EC57BE5F1CBCA38E002B42A3 /* tableviewHeader.xib */,
				EC57BE611CBCB1FA002B42A3 /* PlaceholderTextView.swift */,
			);
			name = View;
			sourceTree = "<group>";
		};
		ECBE45331CB78F5600673FBD /* Model */ = {
			isa = PBXGroup;
			children = (
				ECBE45341CB78F8500673FBD /* Film.swift */,
				ECBE45481CBB3E7600673FBD /* CommentModel.swift */,
			);
			name = Model;
			sourceTree = "<group>";
		};
		ECD1887C1CB76BE500ED3413 = {
			isa = PBXGroup;
			children = (
				ECD188871CB76BE500ED3413 /* kidsmoview */,
				ECD1889F1CB76BE600ED3413 /* kidsmoviewTests */,
				ECD188AA1CB76BE600ED3413 /* kidsmoviewUITests */,
				ECD188861CB76BE500ED3413 /* Products */,
				839DE32716BC31F282CE86F4 /* Pods */,
				1F759D6534226FC5641F268E /* Frameworks */,
			);
			sourceTree = "<group>";
		};
		ECD188861CB76BE500ED3413 /* Products */ = {
			isa = PBXGroup;
			children = (
				ECD188851CB76BE500ED3413 /* kidsmoview.app */,
				ECD1889C1CB76BE600ED3413 /* kidsmoviewTests.xctest */,
				ECD188A71CB76BE600ED3413 /* kidsmoviewUITests.xctest */,
			);
			name = Products;
			sourceTree = "<group>";
		};
		ECD188871CB76BE500ED3413 /* kidsmoview */ = {
			isa = PBXGroup;
			children = (
				ECBE45331CB78F5600673FBD /* Model */,
				ECBE452C1CB78E1700673FBD /* View */,
				ECBE45251CB775C200673FBD /* Helper */,
				ECBE45221CB7747000673FBD /* Extension */,
				ECBE451A1CB76EA100673FBD /* Controller */,
				ECD188881CB76BE500ED3413 /* AppDelegate.swift */,
				ECD1888C1CB76BE500ED3413 /* Main.storyboard */,
				ECD188921CB76BE500ED3413 /* Assets.xcassets */,
				ECD188941CB76BE500ED3413 /* LaunchScreen.storyboard */,
				ECD188971CB76BE600ED3413 /* Info.plist */,
				ECD1888F1CB76BE500ED3413 /* kidsmoview.xcdatamodeld */,
				ECBE451F1CB7746000673FBD /* kidsmoview-Bridging-Header.h */,
			);
			path = kidsmoview;
			sourceTree = "<group>";
		};
		ECD1889F1CB76BE600ED3413 /* kidsmoviewTests */ = {
			isa = PBXGroup;
			children = (
				ECD188A01CB76BE600ED3413 /* kidsmoviewTests.swift */,
				ECD188A21CB76BE600ED3413 /* Info.plist */,
			);
			path = kidsmoviewTests;
			sourceTree = "<group>";
		};
		ECD188AA1CB76BE600ED3413 /* kidsmoviewUITests */ = {
			isa = PBXGroup;
			children = (
				ECD188AB1CB76BE600ED3413 /* kidsmoviewUITests.swift */,
				ECD188AD1CB76BE600ED3413 /* Info.plist */,
			);
			path = kidsmoviewUITests;
			sourceTree = "<group>";
		};
/* End PBXGroup section */

/* Begin PBXNativeTarget section */
		ECD188841CB76BE500ED3413 /* kidsmoview */ = {
			isa = PBXNativeTarget;
			buildConfigurationList = ECD188B01CB76BE600ED3413 /* Build configuration list for PBXNativeTarget "kidsmoview" */;
			buildPhases = (
				2D7BDB87A835FF2B059678D5 /* Check Pods Manifest.lock */,
				ECD188811CB76BE500ED3413 /* Sources */,
				ECD188821CB76BE500ED3413 /* Frameworks */,
				ECD188831CB76BE500ED3413 /* Resources */,
				C40D36EE83CB21A78A2662DD /* Embed Pods Frameworks */,
				1A35C8B0D9A2966F3837AB1B /* Copy Pods Resources */,
			);
			buildRules = (
			);
			dependencies = (
			);
			name = kidsmoview;
			productName = kidsmoview;
			productReference = ECD188851CB76BE500ED3413 /* kidsmoview.app */;
			productType = "com.apple.product-type.application";
		};
		ECD1889B1CB76BE600ED3413 /* kidsmoviewTests */ = {
			isa = PBXNativeTarget;
			buildConfigurationList = ECD188B31CB76BE600ED3413 /* Build configuration list for PBXNativeTarget "kidsmoviewTests" */;
			buildPhases = (
				ECD188981CB76BE600ED3413 /* Sources */,
				ECD188991CB76BE600ED3413 /* Frameworks */,
				ECD1889A1CB76BE600ED3413 /* Resources */,
			);
			buildRules = (
			);
			dependencies = (
				ECD1889E1CB76BE600ED3413 /* PBXTargetDependency */,
			);
			name = kidsmoviewTests;
			productName = kidsmoviewTests;
			productReference = ECD1889C1CB76BE600ED3413 /* kidsmoviewTests.xctest */;
			productType = "com.apple.product-type.bundle.unit-test";
		};
		ECD188A61CB76BE600ED3413 /* kidsmoviewUITests */ = {
			isa = PBXNativeTarget;
			buildConfigurationList = ECD188B61CB76BE600ED3413 /* Build configuration list for PBXNativeTarget "kidsmoviewUITests" */;
			buildPhases = (
				ECD188A31CB76BE600ED3413 /* Sources */,
				ECD188A41CB76BE600ED3413 /* Frameworks */,
				ECD188A51CB76BE600ED3413 /* Resources */,
			);
			buildRules = (
			);
			dependencies = (
				ECD188A91CB76BE600ED3413 /* PBXTargetDependency */,
			);
			name = kidsmoviewUITests;
			productName = kidsmoviewUITests;
			productReference = ECD188A71CB76BE600ED3413 /* kidsmoviewUITests.xctest */;
			productType = "com.apple.product-type.bundle.ui-testing";
		};
/* End PBXNativeTarget section */

/* Begin PBXProject section */
		ECD1887D1CB76BE500ED3413 /* Project object */ = {
			isa = PBXProject;
			attributes = {
				LastSwiftUpdateCheck = 0730;
				LastUpgradeCheck = 0730;
				ORGANIZATIONNAME = zhangfanghui;
				TargetAttributes = {
					ECD188841CB76BE500ED3413 = {
						CreatedOnToolsVersion = 7.3;
					};
					ECD1889B1CB76BE600ED3413 = {
						CreatedOnToolsVersion = 7.3;
						TestTargetID = ECD188841CB76BE500ED3413;
					};
					ECD188A61CB76BE600ED3413 = {
						CreatedOnToolsVersion = 7.3;
						TestTargetID = ECD188841CB76BE500ED3413;
					};
				};
			};
			buildConfigurationList = ECD188801CB76BE500ED3413 /* Build configuration list for PBXProject "kidsmoview" */;
			compatibilityVersion = "Xcode 3.2";
			developmentRegion = English;
			hasScannedForEncodings = 0;
			knownRegions = (
				en,
				Base,
			);
			mainGroup = ECD1887C1CB76BE500ED3413;
			productRefGroup = ECD188861CB76BE500ED3413 /* Products */;
			projectDirPath = "";
			projectRoot = "";
			targets = (
				ECD188841CB76BE500ED3413 /* kidsmoview */,
				ECD1889B1CB76BE600ED3413 /* kidsmoviewTests */,
				ECD188A61CB76BE600ED3413 /* kidsmoviewUITests */,
			);
		};
/* End PBXProject section */

/* Begin PBXResourcesBuildPhase section */
		ECD188831CB76BE500ED3413 /* Resources */ = {
			isa = PBXResourcesBuildPhase;
			buildActionMask = 2147483647;
			files = (
				EC57BE601CBCA38E002B42A3 /* tableviewHeader.xib in Resources */,
				ECD188961CB76BE500ED3413 /* LaunchScreen.storyboard in Resources */,
				ECD188931CB76BE500ED3413 /* Assets.xcassets in Resources */,
				ECBE45301CB78E7800673FBD /* SearchResultCell.xib in Resources */,
				ECD1888E1CB76BE500ED3413 /* Main.storyboard in Resources */,
			);
			runOnlyForDeploymentPostprocessing = 0;
		};
		ECD1889A1CB76BE600ED3413 /* Resources */ = {
			isa = PBXResourcesBuildPhase;
			buildActionMask = 2147483647;
			files = (
			);
			runOnlyForDeploymentPostprocessing = 0;
		};
		ECD188A51CB76BE600ED3413 /* Resources */ = {
			isa = PBXResourcesBuildPhase;
			buildActionMask = 2147483647;
			files = (
			);
			runOnlyForDeploymentPostprocessing = 0;
		};
/* End PBXResourcesBuildPhase section */

/* Begin PBXShellScriptBuildPhase section */
		1A35C8B0D9A2966F3837AB1B /* Copy Pods Resources */ = {
			isa = PBXShellScriptBuildPhase;
			buildActionMask = 2147483647;
			files = (
			);
			inputPaths = (
			);
			name = "Copy Pods Resources";
			outputPaths = (
			);
			runOnlyForDeploymentPostprocessing = 0;
			shellPath = /bin/sh;
			shellScript = "\"${SRCROOT}/Pods/Target Support Files/Pods/Pods-resources.sh\"\n";
			showEnvVarsInLog = 0;
		};
		2D7BDB87A835FF2B059678D5 /* Check Pods Manifest.lock */ = {
			isa = PBXShellScriptBuildPhase;
			buildActionMask = 2147483647;
			files = (
			);
			inputPaths = (
			);
			name = "Check Pods Manifest.lock";
			outputPaths = (
			);
			runOnlyForDeploymentPostprocessing = 0;
			shellPath = /bin/sh;
			shellScript = "diff \"${PODS_ROOT}/../Podfile.lock\" \"${PODS_ROOT}/Manifest.lock\" > /dev/null\nif [[ $? != 0 ]] ; then\n    cat << EOM\nerror: The sandbox is not in sync with the Podfile.lock. Run 'pod install' or update your CocoaPods installation.\nEOM\n    exit 1\nfi\n";
			showEnvVarsInLog = 0;
		};
		C40D36EE83CB21A78A2662DD /* Embed Pods Frameworks */ = {
			isa = PBXShellScriptBuildPhase;
			buildActionMask = 2147483647;
			files = (
			);
			inputPaths = (
			);
			name = "Embed Pods Frameworks";
			outputPaths = (
			);
			runOnlyForDeploymentPostprocessing = 0;
			shellPath = /bin/sh;
			shellScript = "\"${SRCROOT}/Pods/Target Support Files/Pods/Pods-frameworks.sh\"\n";
			showEnvVarsInLog = 0;
		};
/* End PBXShellScriptBuildPhase section */

/* Begin PBXSourcesBuildPhase section */
		ECD188811CB76BE500ED3413 /* Sources */ = {
			isa = PBXSourcesBuildPhase;
			buildActionMask = 2147483647;
			files = (
				ECBE452B1CB780AF00673FBD /* NSObject+String.swift in Sources */,
				ECBE451C1CB76EB100673FBD /* WelcomeViewController.swift in Sources */,
				ECBE45241CB7748000673FBD /* UIImage+Extension.swift in Sources */,
				EC57BE661CBCB3FB002B42A3 /* UILabel+Extension.swift in Sources */,
				ECBE45471CBB3DBA00673FBD /* DetailFilmViewController.swift in Sources */,
				EC57BE5E1CBBA1C8002B42A3 /* DescriptionCell.swift in Sources */,
				ECBE45391CB79AAA00673FBD /* KidsTabBarController.swift in Sources */,
				EC57BE621CBCB1FA002B42A3 /* PlaceholderTextView.swift in Sources */,
				EC57BE6A1CBCBF47002B42A3 /* String+Extension.swift in Sources */,
				ECD188911CB76BE500ED3413 /* kidsmoview.xcdatamodeld in Sources */,
				EC4BCBFE1CBB662B0045449B /* FilmTitleView.swift in Sources */,
				ECBE454D1CBB54CC00673FBD /* OpenedCommentsCell.swift in Sources */,
				ECBE45371CB7918600673FBD /* UIImageView+downloadimage.swift in Sources */,
				EC57BE641CBCB2BE002B42A3 /* NewCommentViewController.swift in Sources */,
				ECBE45351CB78F8500673FBD /* Film.swift in Sources */,
				ECBE45431CB79FE500673FBD /* Constants.swift in Sources */,
				ECBE45271CB775CF00673FBD /* Common.swift in Sources */,
				EC57BE681CBCB78F002B42A3 /* UIBarButtonItem+Extension.swift in Sources */,
				ECBE45491CBB3E7600673FBD /* CommentModel.swift in Sources */,
				ECBE453F1CB79D1D00673FBD /* UIView+Extension.swift in Sources */,
				ECBE45321CB78EA500673FBD /* FloatRatingView.swift in Sources */,
				ECBE452E1CB78E2B00673FBD /* SearchResultCell.swift in Sources */,
				ECD188891CB76BE500ED3413 /* AppDelegate.swift in Sources */,
				ECBE453D1CB79C6D00673FBD /* TipLabel.swift in Sources */,
				ECBE453B1CB79C1900673FBD /* MovieViewController.swift in Sources */,
			);
			runOnlyForDeploymentPostprocessing = 0;
		};
		ECD188981CB76BE600ED3413 /* Sources */ = {
			isa = PBXSourcesBuildPhase;
			buildActionMask = 2147483647;
			files = (
				ECD188A11CB76BE600ED3413 /* kidsmoviewTests.swift in Sources */,
			);
			runOnlyForDeploymentPostprocessing = 0;
		};
		ECD188A31CB76BE600ED3413 /* Sources */ = {
			isa = PBXSourcesBuildPhase;
			buildActionMask = 2147483647;
			files = (
				ECD188AC1CB76BE600ED3413 /* kidsmoviewUITests.swift in Sources */,
			);
			runOnlyForDeploymentPostprocessing = 0;
		};
/* End PBXSourcesBuildPhase section */

/* Begin PBXTargetDependency section */
		ECD1889E1CB76BE600ED3413 /* PBXTargetDependency */ = {
			isa = PBXTargetDependency;
			target = ECD188841CB76BE500ED3413 /* kidsmoview */;
			targetProxy = ECD1889D1CB76BE600ED3413 /* PBXContainerItemProxy */;
		};
		ECD188A91CB76BE600ED3413 /* PBXTargetDependency */ = {
			isa = PBXTargetDependency;
			target = ECD188841CB76BE500ED3413 /* kidsmoview */;
			targetProxy = ECD188A81CB76BE600ED3413 /* PBXContainerItemProxy */;
		};
/* End PBXTargetDependency section */

/* Begin PBXVariantGroup section */
		ECD1888C1CB76BE500ED3413 /* Main.storyboard */ = {
			isa = PBXVariantGroup;
			children = (
				ECD1888D1CB76BE500ED3413 /* Base */,
			);
			name = Main.storyboard;
			sourceTree = "<group>";
		};
		ECD188941CB76BE500ED3413 /* LaunchScreen.storyboard */ = {
			isa = PBXVariantGroup;
			children = (
				ECD188951CB76BE500ED3413 /* Base */,
			);
			name = LaunchScreen.storyboard;
			sourceTree = "<group>";
		};
/* End PBXVariantGroup section */

/* Begin XCBuildConfiguration section */
		ECD188AE1CB76BE600ED3413 /* Debug */ = {
			isa = XCBuildConfiguration;
			buildSettings = {
				ALWAYS_SEARCH_USER_PATHS = NO;
				CLANG_ANALYZER_NONNULL = YES;
				CLANG_CXX_LANGUAGE_STANDARD = "gnu++0x";
				CLANG_CXX_LIBRARY = "libc++";
				CLANG_ENABLE_MODULES = YES;
				CLANG_ENABLE_OBJC_ARC = YES;
				CLANG_WARN_BOOL_CONVERSION = YES;
				CLANG_WARN_CONSTANT_CONVERSION = YES;
				CLANG_WARN_DIRECT_OBJC_ISA_USAGE = YES_ERROR;
				CLANG_WARN_EMPTY_BODY = YES;
				CLANG_WARN_ENUM_CONVERSION = YES;
				CLANG_WARN_INT_CONVERSION = YES;
				CLANG_WARN_OBJC_ROOT_CLASS = YES_ERROR;
				CLANG_WARN_UNREACHABLE_CODE = YES;
				CLANG_WARN__DUPLICATE_METHOD_MATCH = YES;
				"CODE_SIGN_IDENTITY[sdk=iphoneos*]" = "iPhone Developer";
				COPY_PHASE_STRIP = NO;
				DEBUG_INFORMATION_FORMAT = dwarf;
				ENABLE_STRICT_OBJC_MSGSEND = YES;
				ENABLE_TESTABILITY = YES;
				GCC_C_LANGUAGE_STANDARD = gnu99;
				GCC_DYNAMIC_NO_PIC = NO;
				GCC_NO_COMMON_BLOCKS = YES;
				GCC_OPTIMIZATION_LEVEL = 0;
				GCC_PREPROCESSOR_DEFINITIONS = (
					"DEBUG=1",
					"$(inherited)",
				);
				GCC_WARN_64_TO_32_BIT_CONVERSION = YES;
				GCC_WARN_ABOUT_RETURN_TYPE = YES_ERROR;
				GCC_WARN_UNDECLARED_SELECTOR = YES;
				GCC_WARN_UNINITIALIZED_AUTOS = YES_AGGRESSIVE;
				GCC_WARN_UNUSED_FUNCTION = YES;
				GCC_WARN_UNUSED_VARIABLE = YES;
				IPHONEOS_DEPLOYMENT_TARGET = 8.2;
				MTL_ENABLE_DEBUG_INFO = YES;
				ONLY_ACTIVE_ARCH = YES;
				SDKROOT = iphoneos;
				SWIFT_OPTIMIZATION_LEVEL = "-Onone";
			};
			name = Debug;
		};
		ECD188AF1CB76BE600ED3413 /* Release */ = {
			isa = XCBuildConfiguration;
			buildSettings = {
				ALWAYS_SEARCH_USER_PATHS = NO;
				CLANG_ANALYZER_NONNULL = YES;
				CLANG_CXX_LANGUAGE_STANDARD = "gnu++0x";
				CLANG_CXX_LIBRARY = "libc++";
				CLANG_ENABLE_MODULES = YES;
				CLANG_ENABLE_OBJC_ARC = YES;
				CLANG_WARN_BOOL_CONVERSION = YES;
				CLANG_WARN_CONSTANT_CONVERSION = YES;
				CLANG_WARN_DIRECT_OBJC_ISA_USAGE = YES_ERROR;
				CLANG_WARN_EMPTY_BODY = YES;
				CLANG_WARN_ENUM_CONVERSION = YES;
				CLANG_WARN_INT_CONVERSION = YES;
				CLANG_WARN_OBJC_ROOT_CLASS = YES_ERROR;
				CLANG_WARN_UNREACHABLE_CODE = YES;
				CLANG_WARN__DUPLICATE_METHOD_MATCH = YES;
				"CODE_SIGN_IDENTITY[sdk=iphoneos*]" = "iPhone Developer";
				COPY_PHASE_STRIP = NO;
				DEBUG_INFORMATION_FORMAT = "dwarf-with-dsym";
				ENABLE_NS_ASSERTIONS = NO;
				ENABLE_STRICT_OBJC_MSGSEND = YES;
				GCC_C_LANGUAGE_STANDARD = gnu99;
				GCC_NO_COMMON_BLOCKS = YES;
				GCC_WARN_64_TO_32_BIT_CONVERSION = YES;
				GCC_WARN_ABOUT_RETURN_TYPE = YES_ERROR;
				GCC_WARN_UNDECLARED_SELECTOR = YES;
				GCC_WARN_UNINITIALIZED_AUTOS = YES_AGGRESSIVE;
				GCC_WARN_UNUSED_FUNCTION = YES;
				GCC_WARN_UNUSED_VARIABLE = YES;
				IPHONEOS_DEPLOYMENT_TARGET = 8.2;
				MTL_ENABLE_DEBUG_INFO = NO;
				SDKROOT = iphoneos;
				VALIDATE_PRODUCT = YES;
			};
			name = Release;
		};
		ECD188B11CB76BE600ED3413 /* Debug */ = {
			isa = XCBuildConfiguration;
			baseConfigurationReference = CB172514BA6D1CAA35FA75D3 /* Pods.debug.xcconfig */;
			buildSettings = {
				ASSETCATALOG_COMPILER_APPICON_NAME = AppIcon;
				CLANG_ENABLE_MODULES = YES;
				INFOPLIST_FILE = kidsmoview/Info.plist;
				LD_RUNPATH_SEARCH_PATHS = "$(inherited) @executable_path/Frameworks";
				PRODUCT_BUNDLE_IDENTIFIER = Lonshinetech.kidsmoview;
				PRODUCT_NAME = "$(TARGET_NAME)";
				SWIFT_OBJC_BRIDGING_HEADER = "kidsmoview/kidsmoview-Bridging-Header.h";
				SWIFT_OPTIMIZATION_LEVEL = "-Onone";
			};
			name = Debug;
		};
		ECD188B21CB76BE600ED3413 /* Release */ = {
			isa = XCBuildConfiguration;
			baseConfigurationReference = 311E241508D86A51CCF23879 /* Pods.release.xcconfig */;
			buildSettings = {
				ASSETCATALOG_COMPILER_APPICON_NAME = AppIcon;
				CLANG_ENABLE_MODULES = YES;
				INFOPLIST_FILE = kidsmoview/Info.plist;
				LD_RUNPATH_SEARCH_PATHS = "$(inherited) @executable_path/Frameworks";
				PRODUCT_BUNDLE_IDENTIFIER = Lonshinetech.kidsmoview;
				PRODUCT_NAME = "$(TARGET_NAME)";
				SWIFT_OBJC_BRIDGING_HEADER = "kidsmoview/kidsmoview-Bridging-Header.h";
			};
			name = Release;
		};
		ECD188B41CB76BE600ED3413 /* Debug */ = {
			isa = XCBuildConfiguration;
			buildSettings = {
				BUNDLE_LOADER = "$(TEST_HOST)";
				INFOPLIST_FILE = kidsmoviewTests/Info.plist;
				LD_RUNPATH_SEARCH_PATHS = "$(inherited) @executable_path/Frameworks @loader_path/Frameworks";
				PRODUCT_BUNDLE_IDENTIFIER = Lonshinetech.kidsmoviewTests;
				PRODUCT_NAME = "$(TARGET_NAME)";
				TEST_HOST = "$(BUILT_PRODUCTS_DIR)/kidsmoview.app/kidsmoview";
			};
			name = Debug;
		};
		ECD188B51CB76BE600ED3413 /* Release */ = {
			isa = XCBuildConfiguration;
			buildSettings = {
				BUNDLE_LOADER = "$(TEST_HOST)";
				INFOPLIST_FILE = kidsmoviewTests/Info.plist;
				LD_RUNPATH_SEARCH_PATHS = "$(inherited) @executable_path/Frameworks @loader_path/Frameworks";
				PRODUCT_BUNDLE_IDENTIFIER = Lonshinetech.kidsmoviewTests;
				PRODUCT_NAME = "$(TARGET_NAME)";
				TEST_HOST = "$(BUILT_PRODUCTS_DIR)/kidsmoview.app/kidsmoview";
			};
			name = Release;
		};
		ECD188B71CB76BE600ED3413 /* Debug */ = {
			isa = XCBuildConfiguration;
			buildSettings = {
				INFOPLIST_FILE = kidsmoviewUITests/Info.plist;
				LD_RUNPATH_SEARCH_PATHS = "$(inherited) @executable_path/Frameworks @loader_path/Frameworks";
				PRODUCT_BUNDLE_IDENTIFIER = Lonshinetech.kidsmoviewUITests;
				PRODUCT_NAME = "$(TARGET_NAME)";
				TEST_TARGET_NAME = kidsmoview;
			};
			name = Debug;
		};
		ECD188B81CB76BE600ED3413 /* Release */ = {
			isa = XCBuildConfiguration;
			buildSettings = {
				INFOPLIST_FILE = kidsmoviewUITests/Info.plist;
				LD_RUNPATH_SEARCH_PATHS = "$(inherited) @executable_path/Frameworks @loader_path/Frameworks";
				PRODUCT_BUNDLE_IDENTIFIER = Lonshinetech.kidsmoviewUITests;
				PRODUCT_NAME = "$(TARGET_NAME)";
				TEST_TARGET_NAME = kidsmoview;
			};
			name = Release;
		};
/* End XCBuildConfiguration section */

/* Begin XCConfigurationList section */
		ECD188801CB76BE500ED3413 /* Build configuration list for PBXProject "kidsmoview" */ = {
			isa = XCConfigurationList;
			buildConfigurations = (
				ECD188AE1CB76BE600ED3413 /* Debug */,
				ECD188AF1CB76BE600ED3413 /* Release */,
			);
			defaultConfigurationIsVisible = 0;
			defaultConfigurationName = Release;
		};
		ECD188B01CB76BE600ED3413 /* Build configuration list for PBXNativeTarget "kidsmoview" */ = {
			isa = XCConfigurationList;
			buildConfigurations = (
				ECD188B11CB76BE600ED3413 /* Debug */,
				ECD188B21CB76BE600ED3413 /* Release */,
			);
			defaultConfigurationIsVisible = 0;
			defaultConfigurationName = Release;
		};
		ECD188B31CB76BE600ED3413 /* Build configuration list for PBXNativeTarget "kidsmoviewTests" */ = {
			isa = XCConfigurationList;
			buildConfigurations = (
				ECD188B41CB76BE600ED3413 /* Debug */,
				ECD188B51CB76BE600ED3413 /* Release */,
			);
			defaultConfigurationIsVisible = 0;
			defaultConfigurationName = Release;
		};
		ECD188B61CB76BE600ED3413 /* Build configuration list for PBXNativeTarget "kidsmoviewUITests" */ = {
			isa = XCConfigurationList;
			buildConfigurations = (
				ECD188B71CB76BE600ED3413 /* Debug */,
				ECD188B81CB76BE600ED3413 /* Release */,
			);
			defaultConfigurationIsVisible = 0;
			defaultConfigurationName = Release;
		};
/* End XCConfigurationList section */

/* Begin XCVersionGroup section */
		ECD1888F1CB76BE500ED3413 /* kidsmoview.xcdatamodeld */ = {
			isa = XCVersionGroup;
			children = (
				ECD188901CB76BE500ED3413 /* kidsmoview.xcdatamodel */,
			);
			currentVersion = ECD188901CB76BE500ED3413 /* kidsmoview.xcdatamodel */;
			path = kidsmoview.xcdatamodeld;
			sourceTree = "<group>";
			versionGroupType = wrapper.xcdatamodel;
		};
/* End XCVersionGroup section */
	};
	rootObject = ECD1887D1CB76BE500ED3413 /* Project object */;
}
